<?xml version="1.0" encoding="utf-8"?>
<Project ToolsVersion="4.0" xmlns="http://schemas.microsoft.com/developer/msbuild/2003">
  <ItemGroup>
    <Filter Include="Исходные файлы">
      <UniqueIdentifier>{4FC737F1-C7A5-4376-A066-2A32D752A2FF}</UniqueIdentifier>
      <Extensions>cpp;c;cc;cxx;c++;cppm;ixx;def;odl;idl;hpj;bat;asm;asmx</Extensions>
    </Filter>
    <Filter Include="Файлы заголовков">
      <UniqueIdentifier>{93995380-89BD-4b04-88EB-625FBE52EBFB}</UniqueIdentifier>
      <Extensions>h;hh;hpp;hxx;h++;hm;inl;inc;ipp;xsd</Extensions>
    </Filter>
    <Filter Include="Файлы ресурсов">
      <UniqueIdentifier>{67DA6AB6-F800-4c08-8B7A-83BB121AAD01}</UniqueIdentifier>
      <Extensions>rc;ico;cur;bmp;dlg;rc2;rct;bin;rgs;gif;jpg;jpeg;jpe;resx;tiff;tif;png;wav;mfcribbon-ms</Extensions>
    </Filter>
    <Filter Include="Файлы ресурсов\dll">
      <UniqueIdentifier>{60fad61c-f024-44d3-8998-3452a6dd2cac}</UniqueIdentifier>
    </Filter>
    <Filter Include="Исходные файлы\Engine">
      <UniqueIdentifier>{a1451c27-9585-4d23-a90d-27505311f308}</UniqueIdentifier>
    </Filter>
    <Filter Include="Исходные файлы\Engine\O_Manager">
      <UniqueIdentifier>{6c0fd8a9-130b-4704-a185-f8523eb98db8}</UniqueIdentifier>
    </Filter>
    <Filter Include="Исходные файлы\Engine\MSG_Manager">
      <UniqueIdentifier>{2783867a-de01-4678-87d1-248a874c1f61}</UniqueIdentifier>
    </Filter>
    <Filter Include="Исходные файлы\Engine\MSG_Manager\MSG">
      <UniqueIdentifier>{182bd1b2-a27d-4050-ba7f-3a95ce360298}</UniqueIdentifier>
    </Filter>
    <Filter Include="Исходные файлы\GameClasses">
      <UniqueIdentifier>{627afcbf-562c-463a-9a1c-1e19f020e824}</UniqueIdentifier>
    </Filter>
    <Filter Include="Исходные файлы\Engine\ResourceManager">
      <UniqueIdentifier>{1ec77652-5b09-4463-9cde-790b48fd7a3e}</UniqueIdentifier>
    </Filter>
    <Filter Include="Файлы ресурсов\resource">
      <UniqueIdentifier>{13900cf5-e8d8-4cdd-b1b2-e3401998527d}</UniqueIdentifier>
    </Filter>
    <Filter Include="Исходные файлы\Engine\O_Manager\I_Object">
      <UniqueIdentifier>{776257fb-7f01-4a39-af90-23ab9b82c81d}</UniqueIdentifier>
    </Filter>
    <Filter Include="Исходные файлы\Engine\Utils">
      <UniqueIdentifier>{405296ca-c1e7-4d3b-8307-abd66e280254}</UniqueIdentifier>
    </Filter>
    <Filter Include="Исходные файлы\Engine\Utils\Button">
      <UniqueIdentifier>{c4eb877c-91c8-4499-b8a8-4ffc342342e0}</UniqueIdentifier>
    </Filter>
    <Filter Include="Исходные файлы\Engine\Utils\Button\Button_with_Text">
      <UniqueIdentifier>{d6d0eeb3-75c0-4ea9-a924-fd411d9923d0}</UniqueIdentifier>
    </Filter>
    <Filter Include="Исходные файлы\Engine\Utils\Animator">
      <UniqueIdentifier>{6ebf0868-7aaa-402a-9f61-8a900c384f35}</UniqueIdentifier>
    </Filter>
    <Filter Include="Исходные файлы\Engine\NetworkModule">
      <UniqueIdentifier>{1ea791aa-2e9f-4f93-ba15-0a799b58666c}</UniqueIdentifier>
    </Filter>
    <Filter Include="Исходные файлы\Engine\NetworkModule\Server">
      <UniqueIdentifier>{85909c98-213c-437e-b667-be9e8adbf04d}</UniqueIdentifier>
    </Filter>
    <Filter Include="Исходные файлы\Engine\NetworkModule\Client">
      <UniqueIdentifier>{4d60bf86-4d09-4538-93ce-ebb9b351e83f}</UniqueIdentifier>
    </Filter>
    <Filter Include="Исходные файлы\Engine\O_Manager\I_Serializable">
      <UniqueIdentifier>{a0f402fb-5ffa-4cdf-bec1-6bba6befe8fc}</UniqueIdentifier>
    </Filter>
  </ItemGroup>
  <ItemGroup>
    <ClCompile Include="Source.cpp">
      <Filter>Исходные файлы</Filter>
    </ClCompile>
    <ClCompile Include="MSG_Manager.cpp">
      <Filter>Исходные файлы\Engine\MSG_Manager</Filter>
    </ClCompile>
    <ClCompile Include="MSG.cpp">
      <Filter>Исходные файлы\Engine\MSG_Manager\MSG</Filter>
    </ClCompile>
    <ClCompile Include="I_Object.cpp">
      <Filter>Исходные файлы\Engine\O_Manager\I_Object</Filter>
    </ClCompile>
    <ClCompile Include="O_Manager.cpp">
      <Filter>Исходные файлы\Engine\O_Manager</Filter>
    </ClCompile>
    <ClCompile Include="ResourceManager.cpp">
      <Filter>Исходные файлы\Engine\ResourceManager</Filter>
    </ClCompile>
    <ClCompile Include="Button.cpp">
      <Filter>Исходные файлы\Engine\Utils\Button</Filter>
    </ClCompile>
    <ClCompile Include="Text_Button.cpp">
      <Filter>Исходные файлы\Engine\Utils\Button\Button_with_Text</Filter>
    </ClCompile>
    <ClCompile Include="Animator.cpp">
      <Filter>Исходные файлы\Engine\Utils\Animator</Filter>
    </ClCompile>
    <ClCompile Include="Server.cpp">
      <Filter>Исходные файлы\Engine\NetworkModule\Server</Filter>
    </ClCompile>
    <ClCompile Include="Client.cpp">
      <Filter>Исходные файлы\Engine\NetworkModule\Client</Filter>
    </ClCompile>
    <ClCompile Include="I_Serializable.cpp">
      <Filter>Исходные файлы</Filter>
    </ClCompile>
  </ItemGroup>
  <ItemGroup>
    <None Include="openal32.dll">
      <Filter>Файлы ресурсов\dll</Filter>
    </None>
    <None Include="sfml-audio-2.dll">
      <Filter>Файлы ресурсов\dll</Filter>
    </None>
    <None Include="sfml-audio-d-2.dll">
      <Filter>Файлы ресурсов\dll</Filter>
    </None>
    <None Include="sfml-graphics-2.dll">
      <Filter>Файлы ресурсов\dll</Filter>
    </None>
    <None Include="sfml-graphics-d-2.dll">
      <Filter>Файлы ресурсов\dll</Filter>
    </None>
    <None Include="sfml-network-2.dll">
      <Filter>Файлы ресурсов\dll</Filter>
    </None>
    <None Include="sfml-network-d-2.dll">
      <Filter>Файлы ресурсов\dll</Filter>
    </None>
    <None Include="sfml-system-2.dll">
      <Filter>Файлы ресурсов\dll</Filter>
    </None>
    <None Include="sfml-system-d-2.dll">
      <Filter>Файлы ресурсов\dll</Filter>
    </None>
    <None Include="sfml-window-2.dll">
      <Filter>Файлы ресурсов\dll</Filter>
    </None>
    <None Include="sfml-window-d-2.dll">
      <Filter>Файлы ресурсов\dll</Filter>
    </None>
  </ItemGroup>
  <ItemGroup>
    <ClInclude Include="MSG_Manager.h">
      <Filter>Исходные файлы\Engine\MSG_Manager</Filter>
    </ClInclude>
    <ClInclude Include="MSG.h">
      <Filter>Исходные файлы\Engine\MSG_Manager\MSG</Filter>
    </ClInclude>
    <ClInclude Include="I_Object.h">
      <Filter>Исходные файлы\Engine\O_Manager\I_Object</Filter>
    </ClInclude>
    <ClInclude Include="O_Manager.h">
      <Filter>Исходные файлы\Engine\O_Manager</Filter>
    </ClInclude>
    <ClInclude Include="ResourceManager.h">
      <Filter>Исходные файлы\Engine\ResourceManager</Filter>
    </ClInclude>
    <ClInclude Include="Button.h">
      <Filter>Исходные файлы\Engine\Utils\Button</Filter>
    </ClInclude>
    <ClInclude Include="Text_Button.h">
      <Filter>Исходные файлы\Engine\Utils\Button\Button_with_Text</Filter>
    </ClInclude>
    <ClInclude Include="Animator.h">
      <Filter>Исходные файлы\Engine\Utils\Animator</Filter>
    </ClInclude>
    <ClInclude Include="Server.h">
      <Filter>Исходные файлы\Engine\NetworkModule\Server</Filter>
    </ClInclude>
    <ClInclude Include="Client.h">
      <Filter>Исходные файлы\Engine\NetworkModule\Client</Filter>
    </ClInclude>
    <ClInclude Include="I_Serializable.h">
      <Filter>Файлы заголовков</Filter>
    </ClInclude>
  </ItemGroup>
  <ItemGroup>
    <Text Include="resources\res_list.txt">
      <Filter>Файлы ресурсов\resource</Filter>
    </Text>
  </ItemGroup>
</Project>