<?xml version="1.0" encoding="utf-8"?>
<Project ToolsVersion="4.0" xmlns="http://schemas.microsoft.com/developer/msbuild/2003">
  <ItemGroup>
    <Filter Include="Исходные файлы">
      <UniqueIdentifier>{4FC737F1-C7A5-4376-A066-2A32D752A2FF}</UniqueIdentifier>
      <Extensions>cpp;c;cc;cxx;c++;cppm;ixx;def;odl;idl;hpj;bat;asm;asmx</Extensions>
    </Filter>
    <Filter Include="Файлы заголовков">
      <UniqueIdentifier>{93995380-89BD-4b04-88EB-625FBE52EBFB}</UniqueIdentifier>
      <Extensions>h;hh;hpp;hxx;h++;hm;inl;inc;ipp;xsd</Extensions>
    </Filter>
    <Filter Include="Файлы ресурсов">
      <UniqueIdentifier>{67DA6AB6-F800-4c08-8B7A-83BB121AAD01}</UniqueIdentifier>
      <Extensions>rc;ico;cur;bmp;dlg;rc2;rct;bin;rgs;gif;jpg;jpeg;jpe;resx;tiff;tif;png;wav;mfcribbon-ms</Extensions>
    </Filter>
    <Filter Include="Файлы ресурсов\dll">
      <UniqueIdentifier>{60fad61c-f024-44d3-8998-3452a6dd2cac}</UniqueIdentifier>
    </Filter>
    <Filter Include="Исходные файлы\Engine">
      <UniqueIdentifier>{a1451c27-9585-4d23-a90d-27505311f308}</UniqueIdentifier>
    </Filter>
    <Filter Include="Исходные файлы\Engine\O_Manager">
      <UniqueIdentifier>{6c0fd8a9-130b-4704-a185-f8523eb98db8}</UniqueIdentifier>
    </Filter>
    <Filter Include="Исходные файлы\Engine\MSG_Manager">
      <UniqueIdentifier>{2783867a-de01-4678-87d1-248a874c1f61}</UniqueIdentifier>
    </Filter>
    <Filter Include="Исходные файлы\Engine\MSG_Manager\MSG">
      <UniqueIdentifier>{182bd1b2-a27d-4050-ba7f-3a95ce360298}</UniqueIdentifier>
    </Filter>
    <Filter Include="Исходные файлы\GameClasses">
      <UniqueIdentifier>{627afcbf-562c-463a-9a1c-1e19f020e824}</UniqueIdentifier>
    </Filter>
    <Filter Include="Исходные файлы\Engine\ResourceManager">
      <UniqueIdentifier>{1ec77652-5b09-4463-9cde-790b48fd7a3e}</UniqueIdentifier>
    </Filter>
    <Filter Include="Файлы ресурсов\resource">
      <UniqueIdentifier>{13900cf5-e8d8-4cdd-b1b2-e3401998527d}</UniqueIdentifier>
    </Filter>
    <Filter Include="Исходные файлы\Engine\O_Manager\I_Object">
      <UniqueIdentifier>{776257fb-7f01-4a39-af90-23ab9b82c81d}</UniqueIdentifier>
    </Filter>
    <Filter Include="Исходные файлы\Engine\Utils">
      <UniqueIdentifier>{405296ca-c1e7-4d3b-8307-abd66e280254}</UniqueIdentifier>
    </Filter>
    <Filter Include="Исходные файлы\Engine\Utils\Button">
      <UniqueIdentifier>{c4eb877c-91c8-4499-b8a8-4ffc342342e0}</UniqueIdentifier>
    </Filter>
    <Filter Include="Исходные файлы\Engine\Utils\Button\Button_with_Text">
      <UniqueIdentifier>{d6d0eeb3-75c0-4ea9-a924-fd411d9923d0}</UniqueIdentifier>
    </Filter>
    <Filter Include="Исходные файлы\Engine\Utils\Animator">
      <UniqueIdentifier>{6ebf0868-7aaa-402a-9f61-8a900c384f35}</UniqueIdentifier>
    </Filter>
    <Filter Include="Исходные файлы\GameClasses\Instrument">
      <UniqueIdentifier>{46681443-edba-43f0-8aa2-8f4caf5de6d9}</UniqueIdentifier>
    </Filter>
    <Filter Include="Исходные файлы\GameClasses\Plants">
      <UniqueIdentifier>{831f7136-09ec-4192-b96a-eb612be4f324}</UniqueIdentifier>
    </Filter>
    <Filter Include="Исходные файлы\GameClasses\Zombie">
      <UniqueIdentifier>{cf1250f5-f20d-4567-b76c-a75ba2c3e2f7}</UniqueIdentifier>
    </Filter>
    <Filter Include="Исходные файлы\GameClasses\Projectile">
      <UniqueIdentifier>{8e4b2b88-cf85-4f3f-9495-92314ff89d81}</UniqueIdentifier>
    </Filter>
    <Filter Include="Исходные файлы\GameClasses\Instrument\Card">
      <UniqueIdentifier>{6c5f95dd-f44e-492b-9753-9662b0a9931e}</UniqueIdentifier>
    </Filter>
    <Filter Include="Исходные файлы\GameClasses\Instrument\Showel">
      <UniqueIdentifier>{a697fc2d-c905-420f-a04e-92e8f5ff0068}</UniqueIdentifier>
    </Filter>
    <Filter Include="Исходные файлы\GameClasses\Instrument\Magic">
      <UniqueIdentifier>{a2d01439-3c11-4a04-8e6e-6d3f588ca84a}</UniqueIdentifier>
    </Filter>
    <Filter Include="Исходные файлы\Engine\O_Manager\I_Object\Primer">
      <UniqueIdentifier>{4397ec95-39a0-41b3-8beb-ddd39cf4ec01}</UniqueIdentifier>
    </Filter>
    <Filter Include="Исходные файлы\GameClasses\Level">
      <UniqueIdentifier>{ec747f93-f93e-4e89-bf92-a053c4575208}</UniqueIdentifier>
    </Filter>
    <Filter Include="Исходные файлы\GameClasses\Plants\Support">
      <UniqueIdentifier>{c95c860b-9c3b-4de7-af8c-4ad24b02b9e3}</UniqueIdentifier>
    </Filter>
    <Filter Include="Исходные файлы\GameClasses\Effect">
      <UniqueIdentifier>{b608daab-533e-4d87-89ea-09eb2528cce5}</UniqueIdentifier>
    </Filter>
    <Filter Include="Исходные файлы\GameClasses\Projectile\pea">
      <UniqueIdentifier>{74d69482-1809-4788-aee1-97ef1dcf0ba7}</UniqueIdentifier>
    </Filter>
    <Filter Include="Исходные файлы\GameClasses\Projectile\pea\fire_pea">
      <UniqueIdentifier>{eb6463ce-214d-4765-9032-8a11e3556541}</UniqueIdentifier>
    </Filter>
    <Filter Include="Исходные файлы\GameClasses\Projectile\pea\AP_pea">
      <UniqueIdentifier>{3bcf7589-f2c0-4b8e-b99f-12342fec2c27}</UniqueIdentifier>
    </Filter>
    <Filter Include="Исходные файлы\GameClasses\Projectile\pea\AIM_pea">
      <UniqueIdentifier>{9fbab203-daa3-48bd-bef8-8164ede74451}</UniqueIdentifier>
    </Filter>
    <Filter Include="Исходные файлы\GameClasses\Instrument\Card\PlantCard">
      <UniqueIdentifier>{f52f7967-ad10-4350-94c4-27591a72de08}</UniqueIdentifier>
    </Filter>
    <Filter Include="Исходные файлы\GameClasses\Plants\Support\sunflower">
      <UniqueIdentifier>{dca2e970-c9f2-4b5c-90f9-877c43e64800}</UniqueIdentifier>
    </Filter>
    <Filter Include="Исходные файлы\GameClasses\Plants\Support\nut">
      <UniqueIdentifier>{8821f120-5d5d-4d31-b02f-efccfd15b444}</UniqueIdentifier>
    </Filter>
    <Filter Include="Исходные файлы\GameClasses\Plants\Support\pumpkin">
      <UniqueIdentifier>{ff25afcc-5b3a-48b7-bf6d-fc7b600d9fbf}</UniqueIdentifier>
    </Filter>
    <Filter Include="Исходные файлы\GameClasses\Plants\Support\fire log">
      <UniqueIdentifier>{88413842-bd62-4cee-9723-82118414adc5}</UniqueIdentifier>
    </Filter>
    <Filter Include="Исходные файлы\GameClasses\Instrument\Sun">
      <UniqueIdentifier>{c765c125-7496-4812-a319-730ca1b1a69a}</UniqueIdentifier>
    </Filter>
    <Filter Include="Исходные файлы\GameClasses\Plants\Attack_Plants">
      <UniqueIdentifier>{2d0f4073-7fc9-43a9-ab0f-7aa7fe81d5f3}</UniqueIdentifier>
    </Filter>
    <Filter Include="Исходные файлы\GameClasses\Plants\Attack_Plants\Repeater">
      <UniqueIdentifier>{79ce2c27-e260-4e02-a0c6-ba9893e4e1b8}</UniqueIdentifier>
    </Filter>
    <Filter Include="Исходные файлы\GameClasses\Plants\Attack_Plants\Ice_Shooter">
      <UniqueIdentifier>{9b03a49d-f8d5-46ad-992c-e5c4faf45327}</UniqueIdentifier>
    </Filter>
    <Filter Include="Исходные файлы\GameClasses\Plants\Attack_Plants\Fire_Shooter">
      <UniqueIdentifier>{9b4d0c45-1876-4905-850e-e7a1dd088a96}</UniqueIdentifier>
    </Filter>
    <Filter Include="Исходные файлы\GameClasses\Plants\Attack_Plants\Spike_Shooter">
      <UniqueIdentifier>{1718f2b1-4d04-493e-a570-2ab01b2d8061}</UniqueIdentifier>
    </Filter>
    <Filter Include="Исходные файлы\GameClasses\Zombie\Armored_Zombie">
      <UniqueIdentifier>{a589c5c0-4f87-442c-a235-74b79bfb03a5}</UniqueIdentifier>
    </Filter>
    <Filter Include="Исходные файлы\GameClasses\Zombie\Baloon_zombie">
      <UniqueIdentifier>{7a024382-0ee9-42b5-a453-4b16b6e46d7c}</UniqueIdentifier>
    </Filter>
    <Filter Include="Исходные файлы\GameClasses\Zombie\Gargantua">
      <UniqueIdentifier>{ed3c7ef2-25ca-4927-a7c9-668fcc99537b}</UniqueIdentifier>
    </Filter>
    <Filter Include="Исходные файлы\GameClasses\Zombie\Zombie_Gymnast">
      <UniqueIdentifier>{2564a64f-aa45-47fd-8f78-ec5a60c2a03d}</UniqueIdentifier>
    </Filter>
    <Filter Include="Исходные файлы\GameClasses\Zombie\Armored_Zombie\Zombie_Bucket">
      <UniqueIdentifier>{8794f79b-e748-43aa-ab14-cac57e0d0ab0}</UniqueIdentifier>
    </Filter>
    <Filter Include="Исходные файлы\GameClasses\Zombie\Armored_Zombie\Newspaper_Zombie">
      <UniqueIdentifier>{39063946-b658-4f5d-b4dc-d4c3322907a9}</UniqueIdentifier>
    </Filter>
    <Filter Include="Исходные файлы\GameClasses\Level\Surface">
      <UniqueIdentifier>{edf7d9ac-f5dd-4dd4-974e-483e5588bfd0}</UniqueIdentifier>
    </Filter>
    <Filter Include="Исходные файлы\GameClasses\Level\Surface\Line">
      <UniqueIdentifier>{969209f2-40db-4093-b745-de8e73f1e6e3}</UniqueIdentifier>
    </Filter>
    <Filter Include="Исходные файлы\GameClasses\Level\Surface\Line\PlaceToPlant">
      <UniqueIdentifier>{5e469b39-4827-4bbc-8dfe-473a2b20f78e}</UniqueIdentifier>
    </Filter>
    <Filter Include="Исходные файлы\GameClasses\Level\EnemyManager">
      <UniqueIdentifier>{7374232c-1498-4a68-8363-1d45d07f38f2}</UniqueIdentifier>
    </Filter>
    <Filter Include="Файлы заголовков\PRIMER">
      <UniqueIdentifier>{ddf3f831-187c-4238-a132-4320ade90945}</UniqueIdentifier>
    </Filter>
    <Filter Include="Файлы заголовков\PRIMER\MAKS">
      <UniqueIdentifier>{c452810f-1f4a-409b-a3e0-c47354a13d51}</UniqueIdentifier>
    </Filter>
    <Filter Include="Файлы заголовков\PRIMER\FIN">
      <UniqueIdentifier>{1b546d2e-28f2-48f4-afd2-5327b93b7928}</UniqueIdentifier>
    </Filter>
    <Filter Include="Исходные файлы\GameClasses\Instrument\Card\Gologram">
      <UniqueIdentifier>{c703a836-6bbb-4eb9-bfd2-f9391afcce42}</UniqueIdentifier>
    </Filter>
    <Filter Include="Исходные файлы\Engine\Utils\Timer">
      <UniqueIdentifier>{340bc0e5-9331-44bd-bec5-54df4f69eb39}</UniqueIdentifier>
    </Filter>
  </ItemGroup>
  <ItemGroup>
    <ClCompile Include="Source.cpp">
      <Filter>Исходные файлы</Filter>
    </ClCompile>
    <ClCompile Include="MSG_Manager.cpp">
      <Filter>Исходные файлы\Engine\MSG_Manager</Filter>
    </ClCompile>
    <ClCompile Include="MSG.cpp">
      <Filter>Исходные файлы\Engine\MSG_Manager\MSG</Filter>
    </ClCompile>
    <ClCompile Include="I_Object.cpp">
      <Filter>Исходные файлы\Engine\O_Manager\I_Object</Filter>
    </ClCompile>
    <ClCompile Include="O_Manager.cpp">
      <Filter>Исходные файлы\Engine\O_Manager</Filter>
    </ClCompile>
    <ClCompile Include="ResourceManager.cpp">
      <Filter>Исходные файлы\Engine\ResourceManager</Filter>
    </ClCompile>
    <ClCompile Include="Button.cpp">
      <Filter>Исходные файлы\Engine\Utils\Button</Filter>
    </ClCompile>
    <ClCompile Include="Text_Button.cpp">
      <Filter>Исходные файлы\Engine\Utils\Button\Button_with_Text</Filter>
    </ClCompile>
    <ClCompile Include="Animator.cpp">
      <Filter>Исходные файлы\Engine\Utils\Animator</Filter>
    </ClCompile>
    <ClCompile Include="Primer.cpp">
      <Filter>Исходные файлы\Engine\O_Manager\I_Object\Primer</Filter>
    </ClCompile>
    <ClCompile Include="Surface.cpp">
      <Filter>Исходные файлы\GameClasses\Level\Surface</Filter>
    </ClCompile>
    <ClCompile Include="Line.cpp">
      <Filter>Исходные файлы\GameClasses\Level\Surface\Line</Filter>
    </ClCompile>
    <ClCompile Include="Level.cpp">
      <Filter>Исходные файлы\GameClasses\Level</Filter>
    </ClCompile>
    <ClCompile Include="PlaceToPlant.cpp">
      <Filter>Исходные файлы\GameClasses\Level\Surface\Line\PlaceToPlant</Filter>
    </ClCompile>
    <ClCompile Include="Plant.cpp">
      <Filter>Исходные файлы\GameClasses\Plants</Filter>
    </ClCompile>
    <ClCompile Include="Projectile.cpp">
      <Filter>Исходные файлы\GameClasses\Projectile</Filter>
    </ClCompile>
    <ClCompile Include="Support_Plant.cpp">
      <Filter>Исходные файлы\GameClasses\Plants\Support</Filter>
    </ClCompile>
    <ClCompile Include="Sun.cpp">
      <Filter>Исходные файлы\GameClasses\Instrument\Sun</Filter>
    </ClCompile>
    <ClCompile Include="Zombie.cpp">
      <Filter>Исходные файлы\GameClasses\Zombie</Filter>
    </ClCompile>
    <ClCompile Include="Effect.cpp">
      <Filter>Исходные файлы\GameClasses\Effect</Filter>
    </ClCompile>
    <ClCompile Include="EnemyManager.cpp">
      <Filter>Исходные файлы\GameClasses\Level\EnemyManager</Filter>
    </ClCompile>
    <ClCompile Include="pea.cpp">
      <Filter>Исходные файлы\GameClasses\Projectile\pea</Filter>
    </ClCompile>
    <ClCompile Include="Gargantua.cpp">
      <Filter>Исходные файлы\GameClasses\Zombie\Gargantua</Filter>
    </ClCompile>
    <ClCompile Include="Attack_Plants.cpp">
      <Filter>Исходные файлы\GameClasses\Plants\Attack_Plants</Filter>
    </ClCompile>
    <ClCompile Include="FOREVER_VIRGIN.cpp">
      <Filter>Файлы заголовков\PRIMER\FIN</Filter>
    </ClCompile>
    <ClCompile Include="LOOSE_VIRGIN.cpp">
      <Filter>Файлы заголовков\PRIMER\MAKS</Filter>
    </ClCompile>
    <ClCompile Include="Card_T.cpp">
      <Filter>Исходные файлы\GameClasses\Instrument\Card\PlantCard</Filter>
    </ClCompile>
    <ClCompile Include="gologram.cpp">
      <Filter>Исходные файлы\GameClasses\Instrument\Card\Gologram</Filter>
    </ClCompile>
    <ClCompile Include="Timer.cpp">
      <Filter>Исходные файлы</Filter>
    </ClCompile>
  </ItemGroup>
  <ItemGroup>
    <None Include="openal32.dll">
      <Filter>Файлы ресурсов\dll</Filter>
    </None>
    <None Include="sfml-audio-2.dll">
      <Filter>Файлы ресурсов\dll</Filter>
    </None>
    <None Include="sfml-audio-d-2.dll">
      <Filter>Файлы ресурсов\dll</Filter>
    </None>
    <None Include="sfml-graphics-2.dll">
      <Filter>Файлы ресурсов\dll</Filter>
    </None>
    <None Include="sfml-graphics-d-2.dll">
      <Filter>Файлы ресурсов\dll</Filter>
    </None>
    <None Include="sfml-network-2.dll">
      <Filter>Файлы ресурсов\dll</Filter>
    </None>
    <None Include="sfml-network-d-2.dll">
      <Filter>Файлы ресурсов\dll</Filter>
    </None>
    <None Include="sfml-system-2.dll">
      <Filter>Файлы ресурсов\dll</Filter>
    </None>
    <None Include="sfml-system-d-2.dll">
      <Filter>Файлы ресурсов\dll</Filter>
    </None>
    <None Include="sfml-window-2.dll">
      <Filter>Файлы ресурсов\dll</Filter>
    </None>
    <None Include="sfml-window-d-2.dll">
      <Filter>Файлы ресурсов\dll</Filter>
    </None>
  </ItemGroup>
  <ItemGroup>
    <ClInclude Include="MSG_Manager.h">
      <Filter>Исходные файлы\Engine\MSG_Manager</Filter>
    </ClInclude>
    <ClInclude Include="MSG.h">
      <Filter>Исходные файлы\Engine\MSG_Manager\MSG</Filter>
    </ClInclude>
    <ClInclude Include="I_Object.h">
      <Filter>Исходные файлы\Engine\O_Manager\I_Object</Filter>
    </ClInclude>
    <ClInclude Include="O_Manager.h">
      <Filter>Исходные файлы\Engine\O_Manager</Filter>
    </ClInclude>
    <ClInclude Include="ResourceManager.h">
      <Filter>Исходные файлы\Engine\ResourceManager</Filter>
    </ClInclude>
    <ClInclude Include="Button.h">
      <Filter>Исходные файлы\Engine\Utils\Button</Filter>
    </ClInclude>
    <ClInclude Include="Text_Button.h">
      <Filter>Исходные файлы\Engine\Utils\Button\Button_with_Text</Filter>
    </ClInclude>
    <ClInclude Include="Animator.h">
      <Filter>Исходные файлы\Engine\Utils\Animator</Filter>
    </ClInclude>
    <ClInclude Include="Primer.h">
      <Filter>Исходные файлы\Engine\O_Manager\I_Object\Primer</Filter>
    </ClInclude>
    <ClInclude Include="Surface.h">
      <Filter>Исходные файлы\GameClasses\Level\Surface</Filter>
    </ClInclude>
    <ClInclude Include="Line.h">
      <Filter>Исходные файлы\GameClasses\Level\Surface\Line</Filter>
    </ClInclude>
    <ClInclude Include="Level.h">
      <Filter>Исходные файлы\GameClasses\Level</Filter>
    </ClInclude>
    <ClInclude Include="PlaceToPlant.h">
      <Filter>Исходные файлы\GameClasses\Level\Surface\Line\PlaceToPlant</Filter>
    </ClInclude>
    <ClInclude Include="Plant.h">
      <Filter>Исходные файлы\GameClasses\Plants</Filter>
    </ClInclude>
    <ClInclude Include="Support_Plant.h">
      <Filter>Исходные файлы\GameClasses\Plants\Support</Filter>
    </ClInclude>
    <ClInclude Include="Projectile.h">
      <Filter>Исходные файлы\GameClasses\Projectile</Filter>
    </ClInclude>
    <ClInclude Include="Effect.h">
      <Filter>Исходные файлы\GameClasses\Effect</Filter>
    </ClInclude>
    <ClInclude Include="Sun.h">
      <Filter>Исходные файлы\GameClasses\Instrument\Sun</Filter>
    </ClInclude>
    <ClInclude Include="Zombie.h">
      <Filter>Исходные файлы\GameClasses\Zombie</Filter>
    </ClInclude>
    <ClInclude Include="EnemyManager.h">
      <Filter>Исходные файлы\GameClasses\Level\EnemyManager</Filter>
    </ClInclude>
    <ClInclude Include="pea.h">
      <Filter>Исходные файлы\GameClasses\Projectile\pea</Filter>
    </ClInclude>
    <ClInclude Include="Gargantua.h">
      <Filter>Исходные файлы\GameClasses\Zombie\Gargantua</Filter>
    </ClInclude>
    <ClInclude Include="Attack_Plants.h">
      <Filter>Исходные файлы\GameClasses\Plants\Attack_Plants</Filter>
    </ClInclude>
    <ClInclude Include="FOREVER_VIRGIN.h">
      <Filter>Файлы заголовков\PRIMER\FIN</Filter>
    </ClInclude>
    <ClInclude Include="LOOSE_VIRGIN.h">
      <Filter>Файлы заголовков\PRIMER\MAKS</Filter>
    </ClInclude>
    <ClInclude Include="Card_T.h">
      <Filter>Исходные файлы\GameClasses\Instrument\Card\PlantCard</Filter>
    </ClInclude>
    <ClInclude Include="gologram.h">
      <Filter>Исходные файлы\GameClasses\Instrument\Card\Gologram</Filter>
    </ClInclude>
    <ClInclude Include="Timer.h">
      <Filter>Файлы заголовков</Filter>
    </ClInclude>
  </ItemGroup>
  <ItemGroup>
    <Text Include="resources\res_list.txt">
      <Filter>Файлы ресурсов\resource</Filter>
    </Text>
  </ItemGroup>
</Project>