<?xml version="1.0" encoding="utf-8"?>
<Project ToolsVersion="4.0" xmlns="http://schemas.microsoft.com/developer/msbuild/2003">
  <ItemGroup>
    <Filter Include="Исходные файлы">
      <UniqueIdentifier>{4FC737F1-C7A5-4376-A066-2A32D752A2FF}</UniqueIdentifier>
      <Extensions>cpp;c;cc;cxx;c++;cppm;ixx;def;odl;idl;hpj;bat;asm;asmx</Extensions>
    </Filter>
    <Filter Include="Файлы заголовков">
      <UniqueIdentifier>{93995380-89BD-4b04-88EB-625FBE52EBFB}</UniqueIdentifier>
      <Extensions>h;hh;hpp;hxx;h++;hm;inl;inc;ipp;xsd</Extensions>
    </Filter>
    <Filter Include="Файлы ресурсов">
      <UniqueIdentifier>{67DA6AB6-F800-4c08-8B7A-83BB121AAD01}</UniqueIdentifier>
      <Extensions>rc;ico;cur;bmp;dlg;rc2;rct;bin;rgs;gif;jpg;jpeg;jpe;resx;tiff;tif;png;wav;mfcribbon-ms</Extensions>
    </Filter>
    <Filter Include="Файлы ресурсов\dll">
      <UniqueIdentifier>{60fad61c-f024-44d3-8998-3452a6dd2cac}</UniqueIdentifier>
    </Filter>
    <Filter Include="Исходные файлы\Engine">
      <UniqueIdentifier>{a1451c27-9585-4d23-a90d-27505311f308}</UniqueIdentifier>
    </Filter>
    <Filter Include="Исходные файлы\Engine\O_Manager">
      <UniqueIdentifier>{6c0fd8a9-130b-4704-a185-f8523eb98db8}</UniqueIdentifier>
    </Filter>
    <Filter Include="Исходные файлы\Engine\MSG_Manager">
      <UniqueIdentifier>{2783867a-de01-4678-87d1-248a874c1f61}</UniqueIdentifier>
    </Filter>
    <Filter Include="Исходные файлы\Engine\MSG_Manager\MSG">
      <UniqueIdentifier>{182bd1b2-a27d-4050-ba7f-3a95ce360298}</UniqueIdentifier>
    </Filter>
    <Filter Include="Исходные файлы\GameClasses">
      <UniqueIdentifier>{627afcbf-562c-463a-9a1c-1e19f020e824}</UniqueIdentifier>
    </Filter>
    <Filter Include="Исходные файлы\Engine\ResourceManager">
      <UniqueIdentifier>{1ec77652-5b09-4463-9cde-790b48fd7a3e}</UniqueIdentifier>
    </Filter>
    <Filter Include="Файлы ресурсов\resource">
      <UniqueIdentifier>{13900cf5-e8d8-4cdd-b1b2-e3401998527d}</UniqueIdentifier>
    </Filter>
    <Filter Include="Исходные файлы\Engine\O_Manager\I_Object">
      <UniqueIdentifier>{776257fb-7f01-4a39-af90-23ab9b82c81d}</UniqueIdentifier>
    </Filter>
    <Filter Include="Исходные файлы\Engine\Utils">
      <UniqueIdentifier>{405296ca-c1e7-4d3b-8307-abd66e280254}</UniqueIdentifier>
    </Filter>
    <Filter Include="Исходные файлы\Engine\Utils\Button">
      <UniqueIdentifier>{c4eb877c-91c8-4499-b8a8-4ffc342342e0}</UniqueIdentifier>
    </Filter>
    <Filter Include="Исходные файлы\Engine\Utils\Button\Button_with_Text">
      <UniqueIdentifier>{d6d0eeb3-75c0-4ea9-a924-fd411d9923d0}</UniqueIdentifier>
    </Filter>
    <Filter Include="Исходные файлы\Engine\Utils\Animator">
      <UniqueIdentifier>{6ebf0868-7aaa-402a-9f61-8a900c384f35}</UniqueIdentifier>
    </Filter>
    <Filter Include="Исходные файлы\GameClasses\Surface">
      <UniqueIdentifier>{edf7d9ac-f5dd-4dd4-974e-483e5588bfd0}</UniqueIdentifier>
    </Filter>
    <Filter Include="Исходные файлы\GameClasses\Instrument">
      <UniqueIdentifier>{46681443-edba-43f0-8aa2-8f4caf5de6d9}</UniqueIdentifier>
    </Filter>
    <Filter Include="Исходные файлы\GameClasses\Plants">
      <UniqueIdentifier>{831f7136-09ec-4192-b96a-eb612be4f324}</UniqueIdentifier>
    </Filter>
    <Filter Include="Исходные файлы\GameClasses\Zombie">
      <UniqueIdentifier>{cf1250f5-f20d-4567-b76c-a75ba2c3e2f7}</UniqueIdentifier>
    </Filter>
    <Filter Include="Исходные файлы\GameClasses\Projectile">
      <UniqueIdentifier>{8e4b2b88-cf85-4f3f-9495-92314ff89d81}</UniqueIdentifier>
    </Filter>
    <Filter Include="Исходные файлы\GameClasses\Instrument\Card">
      <UniqueIdentifier>{6c5f95dd-f44e-492b-9753-9662b0a9931e}</UniqueIdentifier>
    </Filter>
    <Filter Include="Исходные файлы\GameClasses\Instrument\Showel">
      <UniqueIdentifier>{a697fc2d-c905-420f-a04e-92e8f5ff0068}</UniqueIdentifier>
    </Filter>
    <Filter Include="Исходные файлы\GameClasses\Surface\Line">
      <UniqueIdentifier>{969209f2-40db-4093-b745-de8e73f1e6e3}</UniqueIdentifier>
    </Filter>
    <Filter Include="Исходные файлы\GameClasses\Surface\Line\PlaceToPlant">
      <UniqueIdentifier>{5e469b39-4827-4bbc-8dfe-473a2b20f78e}</UniqueIdentifier>
    </Filter>
    <Filter Include="Исходные файлы\GameClasses\Instrument\Magic">
      <UniqueIdentifier>{a2d01439-3c11-4a04-8e6e-6d3f588ca84a}</UniqueIdentifier>
    </Filter>
    <Filter Include="Исходные файлы\Engine\O_Manager\I_Object\Primer">
      <UniqueIdentifier>{4397ec95-39a0-41b3-8beb-ddd39cf4ec01}</UniqueIdentifier>
    </Filter>
    <Filter Include="Исходные файлы\GameClasses\Surface\Line\WaterLine">
      <UniqueIdentifier>{37a98b10-11d9-4388-938b-af5668d32c0f}</UniqueIdentifier>
    </Filter>
    <Filter Include="Исходные файлы\GameClasses\Surface\Line\EarthLine">
      <UniqueIdentifier>{e62d2e74-79d9-459a-8886-00d1cbe873a3}</UniqueIdentifier>
    </Filter>
    <Filter Include="Исходные файлы\GameClasses\Surface\Line\AirLine">
      <UniqueIdentifier>{10b156cc-dce4-419a-86ff-da1484a0478e}</UniqueIdentifier>
    </Filter>
    <Filter Include="Исходные файлы\GameClasses\Level">
      <UniqueIdentifier>{ec747f93-f93e-4e89-bf92-a053c4575208}</UniqueIdentifier>
    </Filter>
    <Filter Include="Исходные файлы\GameClasses\Zombie\EnemyManager">
      <UniqueIdentifier>{7374232c-1498-4a68-8363-1d45d07f38f2}</UniqueIdentifier>
    </Filter>
    <Filter Include="Исходные файлы\GameClasses\Plants\Support">
      <UniqueIdentifier>{c95c860b-9c3b-4de7-af8c-4ad24b02b9e3}</UniqueIdentifier>
    </Filter>
    <Filter Include="Исходные файлы\GameClasses\Plants\Shoot">
      <UniqueIdentifier>{2d0f4073-7fc9-43a9-ab0f-7aa7fe81d5f3}</UniqueIdentifier>
    </Filter>
    <Filter Include="Исходные файлы\GameClasses\Effect">
      <UniqueIdentifier>{b608daab-533e-4d87-89ea-09eb2528cce5}</UniqueIdentifier>
    </Filter>
    <Filter Include="Исходные файлы\GameClasses\Effect\Sun">
      <UniqueIdentifier>{c765c125-7496-4812-a319-730ca1b1a69a}</UniqueIdentifier>
    </Filter>
    <Filter Include="Исходные файлы\GameClasses\Projectile\AP_Proj">
      <UniqueIdentifier>{3bcf7589-f2c0-4b8e-b99f-12342fec2c27}</UniqueIdentifier>
    </Filter>
    <Filter Include="Исходные файлы\GameClasses\Projectile\AIM_Proj">
      <UniqueIdentifier>{9fbab203-daa3-48bd-bef8-8164ede74451}</UniqueIdentifier>
    </Filter>
    <Filter Include="Исходные файлы\GameClasses\Effect\timeless">
      <UniqueIdentifier>{b0edaee4-ad17-4a4d-9bd9-3bbc7fd41448}</UniqueIdentifier>
    </Filter>
  </ItemGroup>
  <ItemGroup>
    <ClCompile Include="Source.cpp">
      <Filter>Исходные файлы</Filter>
    </ClCompile>
    <ClCompile Include="MSG_Manager.cpp">
      <Filter>Исходные файлы\Engine\MSG_Manager</Filter>
    </ClCompile>
    <ClCompile Include="MSG.cpp">
      <Filter>Исходные файлы\Engine\MSG_Manager\MSG</Filter>
    </ClCompile>
    <ClCompile Include="I_Object.cpp">
      <Filter>Исходные файлы\Engine\O_Manager\I_Object</Filter>
    </ClCompile>
    <ClCompile Include="O_Manager.cpp">
      <Filter>Исходные файлы\Engine\O_Manager</Filter>
    </ClCompile>
    <ClCompile Include="ResourceManager.cpp">
      <Filter>Исходные файлы\Engine\ResourceManager</Filter>
    </ClCompile>
    <ClCompile Include="Button.cpp">
      <Filter>Исходные файлы\Engine\Utils\Button</Filter>
    </ClCompile>
    <ClCompile Include="Text_Button.cpp">
      <Filter>Исходные файлы\Engine\Utils\Button\Button_with_Text</Filter>
    </ClCompile>
    <ClCompile Include="Animator.cpp">
      <Filter>Исходные файлы\Engine\Utils\Animator</Filter>
    </ClCompile>
    <ClCompile Include="Primer.cpp">
      <Filter>Исходные файлы\Engine\O_Manager\I_Object\Primer</Filter>
    </ClCompile>
    <ClCompile Include="Surface.cpp">
      <Filter>Исходные файлы\GameClasses\Surface</Filter>
    </ClCompile>
    <ClCompile Include="Line.cpp">
      <Filter>Исходные файлы\GameClasses\Surface\Line</Filter>
    </ClCompile>
    <ClCompile Include="Level.cpp">
      <Filter>Исходные файлы\GameClasses\Level</Filter>
    </ClCompile>
    <ClCompile Include="PlaceToPlant.cpp">
      <Filter>Исходные файлы\GameClasses\Surface\Line\PlaceToPlant</Filter>
    </ClCompile>
    <ClCompile Include="Plant.cpp">
      <Filter>Исходные файлы\GameClasses\Plants</Filter>
    </ClCompile>
    <ClCompile Include="Projectile.cpp">
      <Filter>Исходные файлы\GameClasses\Projectile</Filter>
    </ClCompile>
    <ClCompile Include="Shoot_Plant.cpp">
      <Filter>Исходные файлы\GameClasses\Plants\Shoot</Filter>
    </ClCompile>
    <ClCompile Include="Support_Plant.cpp">
      <Filter>Исходные файлы\GameClasses\Plants\Support</Filter>
    </ClCompile>
    <ClCompile Include="Effect.cpp">
      <Filter>Исходные файлы</Filter>
    </ClCompile>
    <ClCompile Include="Sun.cpp">
      <Filter>Исходные файлы\GameClasses\Effect\Sun</Filter>
    </ClCompile>
  </ItemGroup>
  <ItemGroup>
    <None Include="openal32.dll">
      <Filter>Файлы ресурсов\dll</Filter>
    </None>
    <None Include="sfml-audio-2.dll">
      <Filter>Файлы ресурсов\dll</Filter>
    </None>
    <None Include="sfml-audio-d-2.dll">
      <Filter>Файлы ресурсов\dll</Filter>
    </None>
    <None Include="sfml-graphics-2.dll">
      <Filter>Файлы ресурсов\dll</Filter>
    </None>
    <None Include="sfml-graphics-d-2.dll">
      <Filter>Файлы ресурсов\dll</Filter>
    </None>
    <None Include="sfml-network-2.dll">
      <Filter>Файлы ресурсов\dll</Filter>
    </None>
    <None Include="sfml-network-d-2.dll">
      <Filter>Файлы ресурсов\dll</Filter>
    </None>
    <None Include="sfml-system-2.dll">
      <Filter>Файлы ресурсов\dll</Filter>
    </None>
    <None Include="sfml-system-d-2.dll">
      <Filter>Файлы ресурсов\dll</Filter>
    </None>
    <None Include="sfml-window-2.dll">
      <Filter>Файлы ресурсов\dll</Filter>
    </None>
    <None Include="sfml-window-d-2.dll">
      <Filter>Файлы ресурсов\dll</Filter>
    </None>
  </ItemGroup>
  <ItemGroup>
    <ClInclude Include="MSG_Manager.h">
      <Filter>Исходные файлы\Engine\MSG_Manager</Filter>
    </ClInclude>
    <ClInclude Include="MSG.h">
      <Filter>Исходные файлы\Engine\MSG_Manager\MSG</Filter>
    </ClInclude>
    <ClInclude Include="I_Object.h">
      <Filter>Исходные файлы\Engine\O_Manager\I_Object</Filter>
    </ClInclude>
    <ClInclude Include="O_Manager.h">
      <Filter>Исходные файлы\Engine\O_Manager</Filter>
    </ClInclude>
    <ClInclude Include="ResourceManager.h">
      <Filter>Исходные файлы\Engine\ResourceManager</Filter>
    </ClInclude>
    <ClInclude Include="Button.h">
      <Filter>Исходные файлы\Engine\Utils\Button</Filter>
    </ClInclude>
    <ClInclude Include="Text_Button.h">
      <Filter>Исходные файлы\Engine\Utils\Button\Button_with_Text</Filter>
    </ClInclude>
    <ClInclude Include="Animator.h">
      <Filter>Исходные файлы\Engine\Utils\Animator</Filter>
    </ClInclude>
    <ClInclude Include="Primer.h">
      <Filter>Исходные файлы\Engine\O_Manager\I_Object\Primer</Filter>
    </ClInclude>
    <ClInclude Include="Surface.h">
      <Filter>Исходные файлы\GameClasses\Surface</Filter>
    </ClInclude>
    <ClInclude Include="Line.h">
      <Filter>Исходные файлы\GameClasses\Surface\Line</Filter>
    </ClInclude>
    <ClInclude Include="Level.h">
      <Filter>Исходные файлы\GameClasses\Level</Filter>
    </ClInclude>
    <ClInclude Include="PlaceToPlant.h">
      <Filter>Исходные файлы\GameClasses\Surface\Line\PlaceToPlant</Filter>
    </ClInclude>
    <ClInclude Include="Plant.h">
      <Filter>Исходные файлы\GameClasses\Plants</Filter>
    </ClInclude>
    <ClInclude Include="Shoot_Plant.h">
      <Filter>Исходные файлы\GameClasses\Plants\Shoot</Filter>
    </ClInclude>
    <ClInclude Include="Support_Plant.h">
      <Filter>Исходные файлы\GameClasses\Plants\Support</Filter>
    </ClInclude>
    <ClInclude Include="Projectile.h">
      <Filter>Исходные файлы\GameClasses\Projectile</Filter>
    </ClInclude>
    <ClInclude Include="Effect.h">
      <Filter>Исходные файлы\GameClasses\Effect</Filter>
    </ClInclude>
    <ClInclude Include="Sun.h">
      <Filter>Исходные файлы\GameClasses\Effect\Sun</Filter>
    </ClInclude>
  </ItemGroup>
  <ItemGroup>
    <Text Include="resources\res_list.txt">
      <Filter>Файлы ресурсов\resource</Filter>
    </Text>
  </ItemGroup>
</Project>