
Microsoft Visual Studio Solution File, Format Version 12.00
# Visual Studio Version 17
VisualStudioVersion = 17.12.35506.116
MinimumVisualStudioVersion = 10.0.40219.1
Project("{8BC9CEB8-8B4A-11D0-8D11-00A0C91BC942}") = "Kursovik_NetWork", "Kursovik_NetWork\Kursovik_NetWork.vcxproj", "{85DE2769-6060-4E88-85CE-A3A7CD4403A4}"
EndProject
Project("{8BC9CEB8-8B4A-11D0-8D11-00A0C91BC942}") = "Server", "Server\Server.vcxproj", "{525F7C97-6200-421F-B4AC-B07E36576C66}"
EndProject
Project("{8BC9CEB8-8B4A-11D0-8D11-00A0C91BC942}") = "RoomProcess", "RoomProcess\RoomProcess.vcxproj", "{398B7E9D-BE57-4BD7-9F01-7CE4AA0A175B}"
EndProject
Global
	GlobalSection(SolutionConfigurationPlatforms) = preSolution
		Debug|x64 = Debug|x64
		Debug|x86 = Debug|x86
		Release|x64 = Release|x64
		Release|x86 = Release|x86
	EndGlobalSection
	GlobalSection(ProjectConfigurationPlatforms) = postSolution
		{85DE2769-6060-4E88-85CE-A3A7CD4403A4}.Debug|x64.ActiveCfg = Debug|x64
		{85DE2769-6060-4E88-85CE-A3A7CD4403A4}.Debug|x64.Build.0 = Debug|x64
		{85DE2769-6060-4E88-85CE-A3A7CD4403A4}.Debug|x86.ActiveCfg = Debug|Win32
		{85DE2769-6060-4E88-85CE-A3A7CD4403A4}.Debug|x86.Build.0 = Debug|Win32
		{85DE2769-6060-4E88-85CE-A3A7CD4403A4}.Release|x64.ActiveCfg = Release|x64
		{85DE2769-6060-4E88-85CE-A3A7CD4403A4}.Release|x64.Build.0 = Release|x64
		{85DE2769-6060-4E88-85CE-A3A7CD4403A4}.Release|x86.ActiveCfg = Release|Win32
		{85DE2769-6060-4E88-85CE-A3A7CD4403A4}.Release|x86.Build.0 = Release|Win32
		{525F7C97-6200-421F-B4AC-B07E36576C66}.Debug|x64.ActiveCfg = Debug|x64
		{525F7C97-6200-421F-B4AC-B07E36576C66}.Debug|x64.Build.0 = Debug|x64
		{525F7C97-6200-421F-B4AC-B07E36576C66}.Debug|x86.ActiveCfg = Debug|Win32
		{525F7C97-6200-421F-B4AC-B07E36576C66}.Debug|x86.Build.0 = Debug|Win32
		{525F7C97-6200-421F-B4AC-B07E36576C66}.Release|x64.ActiveCfg = Release|x64
		{525F7C97-6200-421F-B4AC-B07E36576C66}.Release|x64.Build.0 = Release|x64
		{525F7C97-6200-421F-B4AC-B07E36576C66}.Release|x86.ActiveCfg = Release|Win32
		{525F7C97-6200-421F-B4AC-B07E36576C66}.Release|x86.Build.0 = Release|Win32
		{398B7E9D-BE57-4BD7-9F01-7CE4AA0A175B}.Debug|x64.ActiveCfg = Debug|x64
		{398B7E9D-BE57-4BD7-9F01-7CE4AA0A175B}.Debug|x64.Build.0 = Debug|x64
		{398B7E9D-BE57-4BD7-9F01-7CE4AA0A175B}.Debug|x86.ActiveCfg = Debug|Win32
		{398B7E9D-BE57-4BD7-9F01-7CE4AA0A175B}.Debug|x86.Build.0 = Debug|Win32
		{398B7E9D-BE57-4BD7-9F01-7CE4AA0A175B}.Release|x64.ActiveCfg = Release|x64
		{398B7E9D-BE57-4BD7-9F01-7CE4AA0A175B}.Release|x64.Build.0 = Release|x64
		{398B7E9D-BE57-4BD7-9F01-7CE4AA0A175B}.Release|x86.ActiveCfg = Release|Win32
		{398B7E9D-BE57-4BD7-9F01-7CE4AA0A175B}.Release|x86.Build.0 = Release|Win32
	EndGlobalSection
	GlobalSection(SolutionProperties) = preSolution
		HideSolutionNode = FALSE
	EndGlobalSection
	GlobalSection(ExtensibilityGlobals) = postSolution
		SolutionGuid = {C19DE0D7-D4D5-458D-82C8-75F75C7CF05D}
	EndGlobalSection
EndGlobal
