<?xml version="1.0" encoding="utf-8"?>
<Project ToolsVersion="4.0" xmlns="http://schemas.microsoft.com/developer/msbuild/2003">
  <ItemGroup>
    <Filter Include="Utils">
      <UniqueIdentifier>{48e3f973-baab-45f0-aa5d-a9c2559456ef}</UniqueIdentifier>
    </Filter>
    <Filter Include="Engine">
      <UniqueIdentifier>{f58bd1be-45e6-4ef3-882e-b3cc18d67471}</UniqueIdentifier>
    </Filter>
    <Filter Include="Interfaces">
      <UniqueIdentifier>{dffa0892-1f24-48a2-b71a-6022c2b3d192}</UniqueIdentifier>
    </Filter>
    <Filter Include="GameClasses">
      <UniqueIdentifier>{9cddea4f-7ee9-46fe-b066-3408892e6916}</UniqueIdentifier>
    </Filter>
    <Filter Include="UI">
      <UniqueIdentifier>{3d98947e-b0f7-441a-a51f-cbba1377853c}</UniqueIdentifier>
    </Filter>
  </ItemGroup>
  <ItemGroup>
    <ClCompile Include="$(MSBuildThisFileDirectory)Utils\Config.cpp">
      <Filter>Utils</Filter>
    </ClCompile>
    <ClCompile Include="$(MSBuildThisFileDirectory)Utils\ProgressBar.cpp">
      <Filter>Utils</Filter>
    </ClCompile>
    <ClCompile Include="$(MSBuildThisFileDirectory)Utils\SpriteWrapper.cpp">
      <Filter>Utils</Filter>
    </ClCompile>
    <ClCompile Include="$(MSBuildThisFileDirectory)Utils\Timer.cpp">
      <Filter>Utils</Filter>
    </ClCompile>
    <ClCompile Include="$(MSBuildThisFileDirectory)Engine\MSG.cpp">
      <Filter>Engine</Filter>
    </ClCompile>
    <ClCompile Include="$(MSBuildThisFileDirectory)Engine\MSG_Manager.cpp">
      <Filter>Engine</Filter>
    </ClCompile>
    <ClCompile Include="$(MSBuildThisFileDirectory)Engine\O_Manager.cpp">
      <Filter>Engine</Filter>
    </ClCompile>
    <ClCompile Include="$(MSBuildThisFileDirectory)Engine\Object.cpp">
      <Filter>Engine</Filter>
    </ClCompile>
    <ClCompile Include="$(MSBuildThisFileDirectory)Engine\R_Manager.cpp">
      <Filter>Engine</Filter>
    </ClCompile>
    <ClCompile Include="$(MSBuildThisFileDirectory)Interfaces\I_Identifiable.cpp">
      <Filter>Interfaces</Filter>
    </ClCompile>
    <ClCompile Include="$(MSBuildThisFileDirectory)Interfaces\I_Serialize.cpp">
      <Filter>Interfaces</Filter>
    </ClCompile>
    <ClCompile Include="$(MSBuildThisFileDirectory)Interfaces\I_Type.cpp">
      <Filter>Interfaces</Filter>
    </ClCompile>
    <ClCompile Include="$(MSBuildThisFileDirectory)GameClasses\Button.cpp">
      <Filter>GameClasses</Filter>
    </ClCompile>
    <ClCompile Include="$(MSBuildThisFileDirectory)GameClasses\Card.cpp">
      <Filter>GameClasses</Filter>
    </ClCompile>
    <ClCompile Include="$(MSBuildThisFileDirectory)GameClasses\Hologram.cpp">
      <Filter>GameClasses</Filter>
    </ClCompile>
    <ClCompile Include="$(MSBuildThisFileDirectory)GameClasses\Plant.cpp">
      <Filter>GameClasses</Filter>
    </ClCompile>
    <ClCompile Include="$(MSBuildThisFileDirectory)GameClasses\Skorostrel.cpp">
      <Filter>GameClasses</Filter>
    </ClCompile>
    <ClCompile Include="$(MSBuildThisFileDirectory)GameClasses\Surface.cpp">
      <Filter>GameClasses</Filter>
    </ClCompile>
    <ClCompile Include="$(MSBuildThisFileDirectory)UI\Button_.cpp">
      <Filter>UI</Filter>
    </ClCompile>
    <ClCompile Include="$(MSBuildThisFileDirectory)UI\InterfaceBase.cpp">
      <Filter>UI</Filter>
    </ClCompile>
    <ClCompile Include="$(MSBuildThisFileDirectory)UI\InterfaceIntputText.cpp">
      <Filter>UI</Filter>
    </ClCompile>
    <ClCompile Include="$(MSBuildThisFileDirectory)UI\InterfaceWindow.cpp">
      <Filter>UI</Filter>
    </ClCompile>
    <ClCompile Include="$(MSBuildThisFileDirectory)xyeta.cpp" />
    <ClCompile Include="$(MSBuildThisFileDirectory)Utils\Serialization_Utils.cpp">
      <Filter>Utils</Filter>
    </ClCompile>
    <ClCompile Include="$(MSBuildThisFileDirectory)TextureWrapper.cpp" />
  </ItemGroup>
  <ItemGroup>
    <ClInclude Include="$(MSBuildThisFileDirectory)Utils\Config.h">
      <Filter>Utils</Filter>
    </ClInclude>
    <ClInclude Include="$(MSBuildThisFileDirectory)Utils\ProgressBar.h">
      <Filter>Utils</Filter>
    </ClInclude>
    <ClInclude Include="$(MSBuildThisFileDirectory)Utils\SpriteWrapper.h">
      <Filter>Utils</Filter>
    </ClInclude>
    <ClInclude Include="$(MSBuildThisFileDirectory)Utils\Timer.h">
      <Filter>Utils</Filter>
    </ClInclude>
    <ClInclude Include="$(MSBuildThisFileDirectory)Engine\MSG.h">
      <Filter>Engine</Filter>
    </ClInclude>
    <ClInclude Include="$(MSBuildThisFileDirectory)Engine\MSG_Manager.h">
      <Filter>Engine</Filter>
    </ClInclude>
    <ClInclude Include="$(MSBuildThisFileDirectory)Engine\O_Manager.h">
      <Filter>Engine</Filter>
    </ClInclude>
    <ClInclude Include="$(MSBuildThisFileDirectory)Engine\Object.h">
      <Filter>Engine</Filter>
    </ClInclude>
    <ClInclude Include="$(MSBuildThisFileDirectory)Engine\R_Manager.h">
      <Filter>Engine</Filter>
    </ClInclude>
    <ClInclude Include="$(MSBuildThisFileDirectory)Interfaces\I_Identifiable.h">
      <Filter>Interfaces</Filter>
    </ClInclude>
    <ClInclude Include="$(MSBuildThisFileDirectory)Interfaces\I_Pacatable.h">
      <Filter>Interfaces</Filter>
    </ClInclude>
    <ClInclude Include="$(MSBuildThisFileDirectory)Interfaces\I_Pos.h">
      <Filter>Interfaces</Filter>
    </ClInclude>
    <ClInclude Include="$(MSBuildThisFileDirectory)Interfaces\I_Serialize.h">
      <Filter>Interfaces</Filter>
    </ClInclude>
    <ClInclude Include="$(MSBuildThisFileDirectory)Interfaces\I_Type.h">
      <Filter>Interfaces</Filter>
    </ClInclude>
    <ClInclude Include="$(MSBuildThisFileDirectory)GameClasses\Button.h">
      <Filter>GameClasses</Filter>
    </ClInclude>
    <ClInclude Include="$(MSBuildThisFileDirectory)GameClasses\Card.h">
      <Filter>GameClasses</Filter>
    </ClInclude>
    <ClInclude Include="$(MSBuildThisFileDirectory)GameClasses\Hologram.h">
      <Filter>GameClasses</Filter>
    </ClInclude>
    <ClInclude Include="$(MSBuildThisFileDirectory)GameClasses\Plant.h">
      <Filter>GameClasses</Filter>
    </ClInclude>
    <ClInclude Include="$(MSBuildThisFileDirectory)GameClasses\Projectile.h">
      <Filter>GameClasses</Filter>
    </ClInclude>
    <ClInclude Include="$(MSBuildThisFileDirectory)GameClasses\Skorostrel.h">
      <Filter>GameClasses</Filter>
    </ClInclude>
    <ClInclude Include="$(MSBuildThisFileDirectory)GameClasses\Surface.h">
      <Filter>GameClasses</Filter>
    </ClInclude>
    <ClInclude Include="$(MSBuildThisFileDirectory)GameClasses\Zombie.h">
      <Filter>GameClasses</Filter>
    </ClInclude>
    <ClInclude Include="$(MSBuildThisFileDirectory)UI\Button_.h">
      <Filter>UI</Filter>
    </ClInclude>
    <ClInclude Include="$(MSBuildThisFileDirectory)UI\InterfaceBase.h">
      <Filter>UI</Filter>
    </ClInclude>
    <ClInclude Include="$(MSBuildThisFileDirectory)UI\InterfaceIntputText.h">
      <Filter>UI</Filter>
    </ClInclude>
    <ClInclude Include="$(MSBuildThisFileDirectory)UI\InterfaceWindow.h">
      <Filter>UI</Filter>
    </ClInclude>
    <ClInclude Include="$(MSBuildThisFileDirectory)Utils\Serialization_Utils.h">
      <Filter>Utils</Filter>
    </ClInclude>
    <ClInclude Include="$(MSBuildThisFileDirectory)TextureWrapper.h" />
  </ItemGroup>
</Project>