<?xml version="1.0" encoding="utf-8"?>
<Project ToolsVersion="4.0" xmlns="http://schemas.microsoft.com/developer/msbuild/2003">
  <ItemGroup>
    <Filter Include="Исходные файлы">
      <UniqueIdentifier>{4FC737F1-C7A5-4376-A066-2A32D752A2FF}</UniqueIdentifier>
      <Extensions>cpp;c;cc;cxx;c++;cppm;ixx;def;odl;idl;hpj;bat;asm;asmx</Extensions>
    </Filter>
    <Filter Include="Файлы ресурсов">
      <UniqueIdentifier>{67DA6AB6-F800-4c08-8B7A-83BB121AAD01}</UniqueIdentifier>
      <Extensions>rc;ico;cur;bmp;dlg;rc2;rct;bin;rgs;gif;jpg;jpeg;jpe;resx;tiff;tif;png;wav;mfcribbon-ms</Extensions>
    </Filter>
    <Filter Include="Файлы ресурсов\Res">
      <UniqueIdentifier>{f8ecd06c-df01-4cc9-9633-5b949d1b1bf9}</UniqueIdentifier>
    </Filter>
    <Filter Include="Исходные файлы\Game">
      <UniqueIdentifier>{017b0a93-6f70-4e3a-9104-075cc5431a32}</UniqueIdentifier>
    </Filter>
    <Filter Include="Исходные файлы\Game\GameManagers">
      <UniqueIdentifier>{13fb58fd-a48d-41d7-92a7-6b17b01d779b}</UniqueIdentifier>
    </Filter>
    <Filter Include="Файлы ресурсов\Config">
      <UniqueIdentifier>{3013e031-d00d-4ed4-8762-0234349ec027}</UniqueIdentifier>
    </Filter>
    <Filter Include="Исходные файлы\Net">
      <UniqueIdentifier>{6eb39975-b2a9-4765-a697-6c9cf1ede2a8}</UniqueIdentifier>
    </Filter>
    <Filter Include="Файлы заголовков">
      <UniqueIdentifier>{93995380-89BD-4b04-88EB-625FBE52EBFB}</UniqueIdentifier>
      <Extensions>h;hh;hpp;hxx;h++;hm;inl;inc;ipp;xsd</Extensions>
    </Filter>
  </ItemGroup>
  <ItemGroup>
    <ClCompile Include="main.cpp">
      <Filter>Исходные файлы</Filter>
    </ClCompile>
    <ClCompile Include="Game\Game.cpp">
      <Filter>Исходные файлы\Game</Filter>
    </ClCompile>
    <ClCompile Include="Game\GameManagers\GameProcess.cpp">
      <Filter>Исходные файлы\Game\GameManagers</Filter>
    </ClCompile>
    <ClCompile Include="Game\GameManagers\Menu.cpp">
      <Filter>Исходные файлы\Game\GameManagers</Filter>
    </ClCompile>
    <ClCompile Include="Net\Client.cpp">
      <Filter>Исходные файлы\Net</Filter>
    </ClCompile>
    <ClCompile Include="Game\GameManagers\MultManager.cpp">
      <Filter>Исходные файлы\Game\GameManagers</Filter>
    </ClCompile>
  </ItemGroup>
  <ItemGroup>
    <Text Include="Res\ResDistr.txt">
      <Filter>Файлы ресурсов\Res</Filter>
    </Text>
  </ItemGroup>
  <ItemGroup>
    <ClInclude Include="Game\Game.h">
      <Filter>Исходные файлы\Game</Filter>
    </ClInclude>
    <ClInclude Include="Game\GameManagers\GameProcess.h">
      <Filter>Исходные файлы\Game\GameManagers</Filter>
    </ClInclude>
    <ClInclude Include="Game\GameManagers\Menu.h">
      <Filter>Исходные файлы\Game\GameManagers</Filter>
    </ClInclude>
    <ClInclude Include="Net\Client.h">
      <Filter>Исходные файлы\Net</Filter>
    </ClInclude>
    <ClInclude Include="Game\GameManagers\MultManager.h">
      <Filter>Исходные файлы\Game\GameManagers</Filter>
    </ClInclude>
  </ItemGroup>
  <ItemGroup>
    <None Include="Res\Config\Config.json">
      <Filter>Файлы ресурсов\Config</Filter>
    </None>
  </ItemGroup>
</Project>